// !$*UTF8*$!
{
	archiveVersion = 1;
	classes = {
	};
	objectVersion = 55;
	objects = {

/* Begin PBXBuildFile section */
		8C05BC4227B08A8A006F57AD /* cg.c in Sources */ = {isa = PBXBuildFile; fileRef = 8C05BC4127B08A8A006F57AD /* cg.c */; };
		8C05BC4427B08B28006F57AD /* lex.c in Sources */ = {isa = PBXBuildFile; fileRef = 8C05BC4327B08B28006F57AD /* lex.c */; };
		8C925E4D27AADA9600150F9E /* main.c in Sources */ = {isa = PBXBuildFile; fileRef = 8C925E4C27AADA9600150F9E /* main.c */; };
		8CCF0DB227AEF9DA0020A8B2 /* help.c in Sources */ = {isa = PBXBuildFile; fileRef = 8CCF0DB127AEF9DA0020A8B2 /* help.c */; };
		8CCF0DB427AEFA230020A8B2 /* interactive.c in Sources */ = {isa = PBXBuildFile; fileRef = 8CCF0DB327AEFA230020A8B2 /* interactive.c */; };
		8CCF0DBB27AEFC690020A8B2 /* parse.c in Sources */ = {isa = PBXBuildFile; fileRef = 8CCF0DBA27AEFC690020A8B2 /* parse.c */; };
		8CCF0DBD27AF02590020A8B2 /* syntax.c in Sources */ = {isa = PBXBuildFile; fileRef = 8CCF0DBC27AF02590020A8B2 /* syntax.c */; };
		8CCF0DBF27AF03C50020A8B2 /* data.c in Sources */ = {isa = PBXBuildFile; fileRef = 8CCF0DBE27AF03C50020A8B2 /* data.c */; };
/* End PBXBuildFile section */

/* Begin PBXCopyFilesBuildPhase section */
		8C925E4727AADA9600150F9E /* CopyFiles */ = {
			isa = PBXCopyFilesBuildPhase;
			buildActionMask = 2147483647;
			dstPath = /usr/share/man/man1/;
			dstSubfolderSpec = 0;
			files = (
			);
			runOnlyForDeploymentPostprocessing = 1;
		};
/* End PBXCopyFilesBuildPhase section */

/* Begin PBXFileReference section */
		8C05BC4127B08A8A006F57AD /* cg.c */ = {isa = PBXFileReference; lastKnownFileType = sourcecode.c.c; path = cg.c; sourceTree = "<group>"; };
		8C05BC4327B08B28006F57AD /* lex.c */ = {isa = PBXFileReference; lastKnownFileType = sourcecode.c.c; path = lex.c; sourceTree = "<group>"; };
		8C925E4927AADA9600150F9E /* plassemble */ = {isa = PBXFileReference; explicitFileType = "compiled.mach-o.executable"; includeInIndex = 0; path = plassemble; sourceTree = BUILT_PRODUCTS_DIR; };
		8C925E4C27AADA9600150F9E /* main.c */ = {isa = PBXFileReference; lastKnownFileType = sourcecode.c.c; path = main.c; sourceTree = "<group>"; };
		8CCF0DB027AEF9B20020A8B2 /* ui.h */ = {isa = PBXFileReference; lastKnownFileType = sourcecode.c.h; path = ui.h; sourceTree = "<group>"; };
		8CCF0DB127AEF9DA0020A8B2 /* help.c */ = {isa = PBXFileReference; lastKnownFileType = sourcecode.c.c; path = help.c; sourceTree = "<group>"; };
		8CCF0DB327AEFA230020A8B2 /* interactive.c */ = {isa = PBXFileReference; lastKnownFileType = sourcecode.c.c; path = interactive.c; sourceTree = "<group>"; };
		8CCF0DB527AEFA5E0020A8B2 /* root.h */ = {isa = PBXFileReference; lastKnownFileType = sourcecode.c.h; path = root.h; sourceTree = "<group>"; };
		8CCF0DB727AEFAD40020A8B2 /* codegen.h */ = {isa = PBXFileReference; lastKnownFileType = sourcecode.c.h; path = codegen.h; sourceTree = "<group>"; };
		8CCF0DB927AEFB630020A8B2 /* link.h */ = {isa = PBXFileReference; lastKnownFileType = sourcecode.c.h; path = link.h; sourceTree = "<group>"; };
		8CCF0DBA27AEFC690020A8B2 /* parse.c */ = {isa = PBXFileReference; lastKnownFileType = sourcecode.c.c; path = parse.c; sourceTree = "<group>"; };
		8CCF0DBC27AF02590020A8B2 /* syntax.c */ = {isa = PBXFileReference; lastKnownFileType = sourcecode.c.c; path = syntax.c; sourceTree = "<group>"; };
		8CCF0DBE27AF03C50020A8B2 /* data.c */ = {isa = PBXFileReference; lastKnownFileType = sourcecode.c.c; path = data.c; sourceTree = "<group>"; };
/* End PBXFileReference section */

/* Begin PBXFrameworksBuildPhase section */
		8C925E4627AADA9600150F9E /* Frameworks */ = {
			isa = PBXFrameworksBuildPhase;
			buildActionMask = 2147483647;
			files = (
			);
			runOnlyForDeploymentPostprocessing = 0;
		};
/* End PBXFrameworksBuildPhase section */

/* Begin PBXGroup section */
		8C925E4027AADA9600150F9E = {
			isa = PBXGroup;
			children = (
				8C925E4B27AADA9600150F9E /* plassemble */,
				8C925E4A27AADA9600150F9E /* Products */,
			);
			sourceTree = "<group>";
		};
		8C925E4A27AADA9600150F9E /* Products */ = {
			isa = PBXGroup;
			children = (
				8C925E4927AADA9600150F9E /* plassemble */,
			);
			name = Products;
			sourceTree = "<group>";
		};
		8C925E4B27AADA9600150F9E /* plassemble */ = {
			isa = PBXGroup;
			children = (
				8CCF0DB827AEFB5C0020A8B2 /* link */,
				8CCF0DB627AEFAC90020A8B2 /* codegen */,
				8CCF0DAF27AEF9AB0020A8B2 /* ui */,
				8C925E4C27AADA9600150F9E /* main.c */,
				8CCF0DBA27AEFC690020A8B2 /* parse.c */,
				8CCF0DB527AEFA5E0020A8B2 /* root.h */,
			);
			path = plassemble;
			sourceTree = "<group>";
		};
		8CCF0DAF27AEF9AB0020A8B2 /* ui */ = {
			isa = PBXGroup;
			children = (
				8CCF0DB027AEF9B20020A8B2 /* ui.h */,
				8CCF0DB127AEF9DA0020A8B2 /* help.c */,
				8CCF0DB327AEFA230020A8B2 /* interactive.c */,
				8CCF0DBC27AF02590020A8B2 /* syntax.c */,
			);
			path = ui;
			sourceTree = "<group>";
		};
		8CCF0DB627AEFAC90020A8B2 /* codegen */ = {
			isa = PBXGroup;
			children = (
				8CCF0DB727AEFAD40020A8B2 /* codegen.h */,
				8CCF0DBE27AF03C50020A8B2 /* data.c */,
				8C05BC4127B08A8A006F57AD /* cg.c */,
				8C05BC4327B08B28006F57AD /* lex.c */,
			);
			path = codegen;
			sourceTree = "<group>";
		};
		8CCF0DB827AEFB5C0020A8B2 /* link */ = {
			isa = PBXGroup;
			children = (
				8CCF0DB927AEFB630020A8B2 /* link.h */,
			);
			path = link;
			sourceTree = "<group>";
		};
/* End PBXGroup section */

/* Begin PBXNativeTarget section */
		8C925E4827AADA9600150F9E /* plassemble */ = {
			isa = PBXNativeTarget;
			buildConfigurationList = 8C925E5027AADA9600150F9E /* Build configuration list for PBXNativeTarget "plassemble" */;
			buildPhases = (
				8C925E4527AADA9600150F9E /* Sources */,
				8C925E4627AADA9600150F9E /* Frameworks */,
				8C925E4727AADA9600150F9E /* CopyFiles */,
			);
			buildRules = (
			);
			dependencies = (
			);
			name = plassemble;
			productName = plassemble;
			productReference = 8C925E4927AADA9600150F9E /* plassemble */;
			productType = "com.apple.product-type.tool";
		};
/* End PBXNativeTarget section */

/* Begin PBXProject section */
		8C925E4127AADA9600150F9E /* Project object */ = {
			isa = PBXProject;
			attributes = {
				BuildIndependentTargetsInParallel = 1;
				LastUpgradeCheck = 1320;
				TargetAttributes = {
					8C925E4827AADA9600150F9E = {
						CreatedOnToolsVersion = 13.2.1;
					};
				};
			};
			buildConfigurationList = 8C925E4427AADA9600150F9E /* Build configuration list for PBXProject "plassemble" */;
			compatibilityVersion = "Xcode 13.0";
			developmentRegion = en;
			hasScannedForEncodings = 0;
			knownRegions = (
				en,
				Base,
			);
			mainGroup = 8C925E4027AADA9600150F9E;
			productRefGroup = 8C925E4A27AADA9600150F9E /* Products */;
			projectDirPath = "";
			projectRoot = "";
			targets = (
				8C925E4827AADA9600150F9E /* plassemble */,
			);
		};
/* End PBXProject section */

/* Begin PBXSourcesBuildPhase section */
		8C925E4527AADA9600150F9E /* Sources */ = {
			isa = PBXSourcesBuildPhase;
			buildActionMask = 2147483647;
			files = (
				8CCF0DB227AEF9DA0020A8B2 /* help.c in Sources */,
				8CCF0DB427AEFA230020A8B2 /* interactive.c in Sources */,
				8CCF0DBD27AF02590020A8B2 /* syntax.c in Sources */,
				8C925E4D27AADA9600150F9E /* main.c in Sources */,
				8CCF0DBB27AEFC690020A8B2 /* parse.c in Sources */,
				8C05BC4227B08A8A006F57AD /* cg.c in Sources */,
				8CCF0DBF27AF03C50020A8B2 /* data.c in Sources */,
				8C05BC4427B08B28006F57AD /* lex.c in Sources */,
			);
			runOnlyForDeploymentPostprocessing = 0;
		};
/* End PBXSourcesBuildPhase section */

/* Begin XCBuildConfiguration section */
		8C925E4E27AADA9600150F9E /* Debug */ = {
			isa = XCBuildConfiguration;
			buildSettings = {
				ALWAYS_SEARCH_USER_PATHS = NO;
				CLANG_ANALYZER_NONNULL = YES;
				CLANG_ANALYZER_NUMBER_OBJECT_CONVERSION = YES_AGGRESSIVE;
				CLANG_CXX_LANGUAGE_STANDARD = "gnu++17";
				CLANG_CXX_LIBRARY = "libc++";
				CLANG_ENABLE_MODULES = YES;
				CLANG_ENABLE_OBJC_ARC = YES;
				CLANG_ENABLE_OBJC_WEAK = YES;
				CLANG_WARN_BLOCK_CAPTURE_AUTORELEASING = YES;
				CLANG_WARN_BOOL_CONVERSION = YES;
				CLANG_WARN_COMMA = YES;
				CLANG_WARN_CONSTANT_CONVERSION = YES;
				CLANG_WARN_DEPRECATED_OBJC_IMPLEMENTATIONS = YES;
				CLANG_WARN_DIRECT_OBJC_ISA_USAGE = YES_ERROR;
				CLANG_WARN_DOCUMENTATION_COMMENTS = YES;
				CLANG_WARN_EMPTY_BODY = YES;
				CLANG_WARN_ENUM_CONVERSION = YES;
				CLANG_WARN_INFINITE_RECURSION = YES;
				CLANG_WARN_INT_CONVERSION = YES;
				CLANG_WARN_NON_LITERAL_NULL_CONVERSION = YES;
				CLANG_WARN_OBJC_IMPLICIT_RETAIN_SELF = YES;
				CLANG_WARN_OBJC_LITERAL_CONVERSION = YES;
				CLANG_WARN_OBJC_ROOT_CLASS = YES_ERROR;
				CLANG_WARN_QUOTED_INCLUDE_IN_FRAMEWORK_HEADER = YES;
				CLANG_WARN_RANGE_LOOP_ANALYSIS = YES;
				CLANG_WARN_STRICT_PROTOTYPES = YES;
				CLANG_WARN_SUSPICIOUS_MOVE = YES;
				CLANG_WARN_UNGUARDED_AVAILABILITY = YES_AGGRESSIVE;
				CLANG_WARN_UNREACHABLE_CODE = YES;
				CLANG_WARN__DUPLICATE_METHOD_MATCH = YES;
				COPY_PHASE_STRIP = NO;
				DEBUG_INFORMATION_FORMAT = dwarf;
				ENABLE_STRICT_OBJC_MSGSEND = YES;
				ENABLE_TESTABILITY = YES;
				GCC_C_LANGUAGE_STANDARD = gnu11;
				GCC_DYNAMIC_NO_PIC = NO;
				GCC_NO_COMMON_BLOCKS = YES;
				GCC_OPTIMIZATION_LEVEL = 0;
				GCC_PREPROCESSOR_DEFINITIONS = (
					"DEBUG=1",
					"$(inherited)",
				);
				GCC_WARN_64_TO_32_BIT_CONVERSION = YES;
				GCC_WARN_ABOUT_RETURN_TYPE = YES_ERROR;
				GCC_WARN_UNDECLARED_SELECTOR = YES;
				GCC_WARN_UNINITIALIZED_AUTOS = YES_AGGRESSIVE;
				GCC_WARN_UNUSED_FUNCTION = YES;
				GCC_WARN_UNUSED_VARIABLE = YES;
				MACOSX_DEPLOYMENT_TARGET = 12.1;
				MTL_ENABLE_DEBUG_INFO = INCLUDE_SOURCE;
				MTL_FAST_MATH = YES;
				ONLY_ACTIVE_ARCH = YES;
				SDKROOT = macosx;
			};
			name = Debug;
		};
		8C925E4F27AADA9600150F9E /* Release */ = {
			isa = XCBuildConfiguration;
			buildSettings = {
				ALWAYS_SEARCH_USER_PATHS = NO;
				CLANG_ANALYZER_NONNULL = YES;
				CLANG_ANALYZER_NUMBER_OBJECT_CONVERSION = YES_AGGRESSIVE;
				CLANG_CXX_LANGUAGE_STANDARD = "gnu++17";
				CLANG_CXX_LIBRARY = "libc++";
				CLANG_ENABLE_MODULES = YES;
				CLANG_ENABLE_OBJC_ARC = YES;
				CLANG_ENABLE_OBJC_WEAK = YES;
				CLANG_WARN_BLOCK_CAPTURE_AUTORELEASING = YES;
				CLANG_WARN_BOOL_CONVERSION = YES;
				CLANG_WARN_COMMA = YES;
				CLANG_WARN_CONSTANT_CONVERSION = YES;
				CLANG_WARN_DEPRECATED_OBJC_IMPLEMENTATIONS = YES;
				CLANG_WARN_DIRECT_OBJC_ISA_USAGE = YES_ERROR;
				CLANG_WARN_DOCUMENTATION_COMMENTS = YES;
				CLANG_WARN_EMPTY_BODY = YES;
				CLANG_WARN_ENUM_CONVERSION = YES;
				CLANG_WARN_INFINITE_RECURSION = YES;
				CLANG_WARN_INT_CONVERSION = YES;
				CLANG_WARN_NON_LITERAL_NULL_CONVERSION = YES;
				CLANG_WARN_OBJC_IMPLICIT_RETAIN_SELF = YES;
				CLANG_WARN_OBJC_LITERAL_CONVERSION = YES;
				CLANG_WARN_OBJC_ROOT_CLASS = YES_ERROR;
				CLANG_WARN_QUOTED_INCLUDE_IN_FRAMEWORK_HEADER = YES;
				CLANG_WARN_RANGE_LOOP_ANALYSIS = YES;
				CLANG_WARN_STRICT_PROTOTYPES = YES;
				CLANG_WARN_SUSPICIOUS_MOVE = YES;
				CLANG_WARN_UNGUARDED_AVAILABILITY = YES_AGGRESSIVE;
				CLANG_WARN_UNREACHABLE_CODE = YES;
				CLANG_WARN__DUPLICATE_METHOD_MATCH = YES;
				COPY_PHASE_STRIP = NO;
				DEBUG_INFORMATION_FORMAT = "dwarf-with-dsym";
				ENABLE_NS_ASSERTIONS = NO;
				ENABLE_STRICT_OBJC_MSGSEND = YES;
				GCC_C_LANGUAGE_STANDARD = gnu11;
				GCC_NO_COMMON_BLOCKS = YES;
				GCC_WARN_64_TO_32_BIT_CONVERSION = YES;
				GCC_WARN_ABOUT_RETURN_TYPE = YES_ERROR;
				GCC_WARN_UNDECLARED_SELECTOR = YES;
				GCC_WARN_UNINITIALIZED_AUTOS = YES_AGGRESSIVE;
				GCC_WARN_UNUSED_FUNCTION = YES;
				GCC_WARN_UNUSED_VARIABLE = YES;
				MACOSX_DEPLOYMENT_TARGET = 12.1;
				MTL_ENABLE_DEBUG_INFO = NO;
				MTL_FAST_MATH = YES;
				SDKROOT = macosx;
			};
			name = Release;
		};
		8C925E5127AADA9600150F9E /* Debug */ = {
			isa = XCBuildConfiguration;
			buildSettings = {
				CODE_SIGN_STYLE = Automatic;
				PRODUCT_NAME = "$(TARGET_NAME)";
			};
			name = Debug;
		};
		8C925E5227AADA9600150F9E /* Release */ = {
			isa = XCBuildConfiguration;
			buildSettings = {
				CODE_SIGN_STYLE = Automatic;
				PRODUCT_NAME = "$(TARGET_NAME)";
			};
			name = Release;
		};
/* End XCBuildConfiguration section */

/* Begin XCConfigurationList section */
		8C925E4427AADA9600150F9E /* Build configuration list for PBXProject "plassemble" */ = {
			isa = XCConfigurationList;
			buildConfigurations = (
				8C925E4E27AADA9600150F9E /* Debug */,
				8C925E4F27AADA9600150F9E /* Release */,
			);
			defaultConfigurationIsVisible = 0;
			defaultConfigurationName = Release;
		};
		8C925E5027AADA9600150F9E /* Build configuration list for PBXNativeTarget "plassemble" */ = {
			isa = XCConfigurationList;
			buildConfigurations = (
				8C925E5127AADA9600150F9E /* Debug */,
				8C925E5227AADA9600150F9E /* Release */,
			);
			defaultConfigurationIsVisible = 0;
			defaultConfigurationName = Release;
		};
/* End XCConfigurationList section */
	};
	rootObject = 8C925E4127AADA9600150F9E /* Project object */;
}
